{
  "version": 3,
  "targets": {
    "net9.0": {
      "Passage.Core/1.0.0": {
        "type": "project",
        "framework": ".NETCoreApp,Version=v9.0",
        "compile": {
          "bin/placeholder/Passage.Core.dll": {}
        },
        "runtime": {
          "bin/placeholder/Passage.Core.dll": {}
        }
      }
    }
  },
  "libraries": {
    "Passage.Core/1.0.0": {
      "type": "project",
      "path": "../Passage.Core/Passage.Core.csproj",
      "msbuildProject": "../Passage.Core/Passage.Core.csproj"
    }
  },
  "projectFileDependencyGroups": {
    "net9.0": [
      "Passage.Core >= 1.0.0"
    ]
  },
  "packageFolders": {
    "C:\\Users\\Adam\\.nuget\\packages\\": {}
  },
  "project": {
    "version": "1.0.0",
    "restore": {
      "projectUniqueName": "C:\\Users\\Adam\\Downloads\\Passage Screenwriting Software\\Passage\\Passage.Parser\\Passage.Parser.csproj",
      "projectName": "Passage.Parser",
      "projectPath": "C:\\Users\\Adam\\Downloads\\Passage Screenwriting Software\\Passage\\Passage.Parser\\Passage.Parser.csproj",
      "packagesPath": "C:\\Users\\Adam\\.nuget\\packages\\",
      "outputPath": "C:\\Users\\Adam\\Downloads\\Passage Screenwriting Software\\Passage\\Passage.Parser\\obj-recheck\\",
      "projectStyle": "PackageReference",
      "configFilePaths": [
        "C:\\Users\\Adam\\AppData\\Roaming\\NuGet\\NuGet.Config"
      ],
      "originalTargetFrameworks": [
        "net9.0"
      ],
      "frameworks": {
        "net9.0": {
          "targetAlias": "net9.0",
          "projectReferences": {
            "C:\\Users\\Adam\\Downloads\\Passage Screenwriting Software\\Passage\\Passage.Core\\Passage.Core.csproj": {
              "projectPath": "C:\\Users\\Adam\\Downloads\\Passage Screenwriting Software\\Passage\\Passage.Core\\Passage.Core.csproj"
            }
          }
        }
      },
      "warningProperties": {
        "allWarningsAsErrors": true,
        "warnAsError": [
          "NU1605"
        ]
      },
      "restoreAuditProperties": {
        "enableAudit": "true",
        "auditLevel": "low",
        "auditMode": "all"
      },
      "SdkAnalysisLevel": "9.0.100"
    },
    "frameworks": {
      "net9.0": {
        "targetAlias": "net9.0",
        "imports": [
          "net461",
          "net462",
          "net47",
          "net471",
          "net472",
          "net48",
          "net481"
        ],
        "assetTargetFallback": true,
        "warn": true,
        "frameworkReferences": {
          "Microsoft.NETCore.App": {
            "privateAssets": "all"
          }
        },
        "runtimeIdentifierGraphPath": "C:\\Program Files\\dotnet\\sdk\\9.0.100/PortableRuntimeIdentifierGraph.json"
      }
    }
  }
}